{
  "name": "dependency-a",
  "version": "1.0.0",
  "lockfileVersion": 1,
  "requires": true,
  "dependencies": {
    "transitive-dependency": {
      "version": "1.0.0",
      "resolved": "https://artifact.devsnc.com/content/groups/npm-all/transitive-dependency/-/transitive-dependency-1.0.0.tgz",
      "integrity": "sha512-C/aybj1QIPrRKgIXi+6h44uMXeJP7d66hXz67h7PswKiYMT7b1rcAhanPSq3vu8CWoJGYjzsQG4SMApeISMURQ=="
    }
  }
}
